# This file is automatically @generated by Cargo.
# It is not intended for manual editing.
version = 3

[[package]]
name = "locational_codes"
version = "0.1.0"
dependencies = [
 "morton",
]

[[package]]
name = "morton"
version = "0.1.0"
source = "git+https://github.com/SRaimondi/morton.git?branch=master#8e7de176eea229deef831d8663d0f09fdb73211e"
